
Microsoft Visual Studio Solution File, Format Version 12.00
# Visual Studio Version 16
VisualStudioVersion = 16.0.31313.79
MinimumVisualStudioVersion = 10.0.40219.1
Project("{FAE04EC0-301F-11D3-BF4B-00C04F79EFBC}") = "oblig01", "oblig01\oblig01.csproj", "{5BDD7177-5EFA-4A54-89B8-1D76BEF633EE}"
EndProject
Project("{FAE04EC0-301F-11D3-BF4B-00C04F79EFBC}") = "oblig01Test", "oblig01Test\oblig01Test.csproj", "{6B61AF46-9F21-4735-B77F-6734967618C3}"
EndProject
Global
	GlobalSection(SolutionConfigurationPlatforms) = preSolution
		Debug|Any CPU = Debug|Any CPU
		Release|Any CPU = Release|Any CPU
	EndGlobalSection
	GlobalSection(ProjectConfigurationPlatforms) = postSolution
		{5BDD7177-5EFA-4A54-89B8-1D76BEF633EE}.Debug|Any CPU.ActiveCfg = Debug|Any CPU
		{5BDD7177-5EFA-4A54-89B8-1D76BEF633EE}.Debug|Any CPU.Build.0 = Debug|Any CPU
		{5BDD7177-5EFA-4A54-89B8-1D76BEF633EE}.Release|Any CPU.ActiveCfg = Release|Any CPU
		{5BDD7177-5EFA-4A54-89B8-1D76BEF633EE}.Release|Any CPU.Build.0 = Release|Any CPU
		{6B61AF46-9F21-4735-B77F-6734967618C3}.Debug|Any CPU.ActiveCfg = Debug|Any CPU
		{6B61AF46-9F21-4735-B77F-6734967618C3}.Debug|Any CPU.Build.0 = Debug|Any CPU
		{6B61AF46-9F21-4735-B77F-6734967618C3}.Release|Any CPU.ActiveCfg = Release|Any CPU
		{6B61AF46-9F21-4735-B77F-6734967618C3}.Release|Any CPU.Build.0 = Release|Any CPU
	EndGlobalSection
	GlobalSection(SolutionProperties) = preSolution
		HideSolutionNode = FALSE
	EndGlobalSection
	GlobalSection(ExtensibilityGlobals) = postSolution
		SolutionGuid = {49D7ED6F-30AE-475E-927D-2E68190BA6DA}
	EndGlobalSection
EndGlobal
